
Microsoft Visual Studio Solution File, Format Version 12.00
# Visual Studio Version 18
VisualStudioVersion = 18.6.11822.322
MinimumVisualStudioVersion = 10.0.40219.1
Project("{2150E333-8FDC-42A3-9474-1A3956D46DE8}") = "Solution Items", "Solution Items", "{8EC462FD-D22E-90A8-E5CE-7E832BA40C5D}"
	ProjectSection(SolutionItems) = preProject
		.github\workflows\azure-static-web-apps-yellow-sea-04668c503.yml = .github\workflows\azure-static-web-apps-yellow-sea-04668c503.yml
		.github\workflows\build.yml = .github\workflows\build.yml
		.github\workflows\publish-github-pages.yml = .github\workflows\publish-github-pages.yml
		.github\workflows\publish-maui.yml = .github\workflows\publish-maui.yml
		.github\workflows\versionize-release.yml = .github\workflows\versionize-release.yml
	EndProjectSection
EndProject
Project("{2150E333-8FDC-42A3-9474-1A3956D46DE8}") = "gh-pages", "gh-pages", "{02EA681E-C7D8-13C7-8484-4AC65E1B71E8}"
	ProjectSection(SolutionItems) = preProject
		.github\workflows\gh-pages\404.html = .github\workflows\gh-pages\404.html
		.github\workflows\gh-pages\decode.js = .github\workflows\gh-pages\decode.js
		.github\workflows\gh-pages\index.html = .github\workflows\gh-pages\index.html
	EndProjectSection
EndProject
Project("{2150E333-8FDC-42A3-9474-1A3956D46DE8}") = "src", "src", "{B4F2D4E1-0000-0000-0000-000000000001}"
EndProject
Project("{FAE04EC0-301F-11D3-BF4B-00C04F79EFBC}") = "MakerPrompt.Infrastructure", "src\MakerPrompt.Infrastructure\MakerPrompt.Infrastructure.csproj", "{B4F2D4E1-0003-0000-0000-000000000001}"
EndProject
Project("{FAE04EC0-301F-11D3-BF4B-00C04F79EFBC}") = "MakerPrompt.UI.Components", "src\MakerPrompt.UI.Components\MakerPrompt.UI.Components.csproj", "{B4F2D4E1-0007-0000-0000-000000000001}"
EndProject
Project("{FAE04EC0-301F-11D3-BF4B-00C04F79EFBC}") = "MakerPrompt.UI.MAUI", "src\MakerPrompt.UI.MAUI\MakerPrompt.UI.MAUI.csproj", "{B4F2D4E1-0009-0000-0000-000000000001}"
EndProject
Project("{FAE04EC0-301F-11D3-BF4B-00C04F79EFBC}") = "MakerPrompt.Core", "src\MakerPrompt.Core\MakerPrompt.Core.csproj", "{F5AE4DDA-B749-DB0A-C32C-3982C67CCFA6}"
EndProject
Project("{2150E333-8FDC-42A3-9474-1A3956D46DE8}") = "tests", "tests", "{A3D968B3-E563-4E96-9E66-9273E6D29024}"
EndProject
Project("{FAE04EC0-301F-11D3-BF4B-00C04F79EFBC}") = "MakerPrompt.Tests.Unit", "tests\MakerPrompt.Tests.Unit\MakerPrompt.Tests.Unit.csproj", "{E8B1509E-7390-FDF0-EEA5-664EE640E08C}"
EndProject
Project("{FAE04EC0-301F-11D3-BF4B-00C04F79EFBC}") = "MakerPrompt.Tests.E2E.Wasm", "tests\MakerPrompt.Tests.E2E.Wasm\MakerPrompt.Tests.E2E.Wasm.csproj", "{42B6100C-D9D6-C74B-8220-3255CAF41D09}"
EndProject
Project("{FAE04EC0-301F-11D3-BF4B-00C04F79EFBC}") = "MakerPrompt.Test.E2E.Maui", "tests\MakerPrompt.Tests.E2E.Maui\MakerPrompt.Test.E2E.Maui.csproj", "{50C312A0-A718-950E-425B-B6EACF134401}"
EndProject
Project("{FAE04EC0-301F-11D3-BF4B-00C04F79EFBC}") = "MakerPrompt.Cloud", "src\MakerPrompt.Cloud\MakerPrompt.Cloud.csproj", "{EC3F1A30-FCDB-4C9A-3925-4CAF6819DE6C}"
EndProject
Project("{FAE04EC0-301F-11D3-BF4B-00C04F79EFBC}") = "MakerPrompt.EdgeAgent", "src\MakerPrompt.EdgeAgent\MakerPrompt.EdgeAgent.csproj", "{7E522ABD-C347-97F1-AD17-2B2177D780B8}"
EndProject
Project("{FAE04EC0-301F-11D3-BF4B-00C04F79EFBC}") = "MakerPrompt.UI.Blazor", "src\MakerPrompt.UI.Blazor\MakerPrompt.UI.Blazor.csproj", "{2BC29A9D-C78C-FAC4-90DF-482450FFD80D}"
EndProject
Project("{FAE04EC0-301F-11D3-BF4B-00C04F79EFBC}") = "MakerPrompt.Infrastructure.Sqlite", "src\MakerPrompt.Infrastructure.Sqlite\MakerPrompt.Infrastructure.Sqlite.csproj", "{18375969-1461-7C9D-5F1E-D078436D3114}"
EndProject
Global
	GlobalSection(SolutionConfigurationPlatforms) = preSolution
		Debug|Any CPU = Debug|Any CPU
		Debug|x64 = Debug|x64
		Debug|x86 = Debug|x86
		Release|Any CPU = Release|Any CPU
		Release|x64 = Release|x64
		Release|x86 = Release|x86
	EndGlobalSection
	GlobalSection(ProjectConfigurationPlatforms) = postSolution
		{B4F2D4E1-0003-0000-0000-000000000001}.Debug|Any CPU.ActiveCfg = Debug|Any CPU
		{B4F2D4E1-0003-0000-0000-000000000001}.Debug|Any CPU.Build.0 = Debug|Any CPU
		{B4F2D4E1-0003-0000-0000-000000000001}.Debug|x64.ActiveCfg = Debug|Any CPU
		{B4F2D4E1-0003-0000-0000-000000000001}.Debug|x64.Build.0 = Debug|Any CPU
		{B4F2D4E1-0003-0000-0000-000000000001}.Debug|x86.ActiveCfg = Debug|Any CPU
		{B4F2D4E1-0003-0000-0000-000000000001}.Debug|x86.Build.0 = Debug|Any CPU
		{B4F2D4E1-0003-0000-0000-000000000001}.Release|Any CPU.ActiveCfg = Release|Any CPU
		{B4F2D4E1-0003-0000-0000-000000000001}.Release|Any CPU.Build.0 = Release|Any CPU
		{B4F2D4E1-0003-0000-0000-000000000001}.Release|x64.ActiveCfg = Release|Any CPU
		{B4F2D4E1-0003-0000-0000-000000000001}.Release|x64.Build.0 = Release|Any CPU
		{B4F2D4E1-0003-0000-0000-000000000001}.Release|x86.ActiveCfg = Release|Any CPU
		{B4F2D4E1-0003-0000-0000-000000000001}.Release|x86.Build.0 = Release|Any CPU
		{B4F2D4E1-0007-0000-0000-000000000001}.Debug|Any CPU.ActiveCfg = Debug|Any CPU
		{B4F2D4E1-0007-0000-0000-000000000001}.Debug|Any CPU.Build.0 = Debug|Any CPU
		{B4F2D4E1-0007-0000-0000-000000000001}.Debug|x64.ActiveCfg = Debug|Any CPU
		{B4F2D4E1-0007-0000-0000-000000000001}.Debug|x64.Build.0 = Debug|Any CPU
		{B4F2D4E1-0007-0000-0000-000000000001}.Debug|x86.ActiveCfg = Debug|Any CPU
		{B4F2D4E1-0007-0000-0000-000000000001}.Debug|x86.Build.0 = Debug|Any CPU
		{B4F2D4E1-0007-0000-0000-000000000001}.Release|Any CPU.ActiveCfg = Release|Any CPU
		{B4F2D4E1-0007-0000-0000-000000000001}.Release|Any CPU.Build.0 = Release|Any CPU
		{B4F2D4E1-0007-0000-0000-000000000001}.Release|x64.ActiveCfg = Release|Any CPU
		{B4F2D4E1-0007-0000-0000-000000000001}.Release|x64.Build.0 = Release|Any CPU
		{B4F2D4E1-0007-0000-0000-000000000001}.Release|x86.ActiveCfg = Release|Any CPU
		{B4F2D4E1-0007-0000-0000-000000000001}.Release|x86.Build.0 = Release|Any CPU
		{B4F2D4E1-0009-0000-0000-000000000001}.Debug|Any CPU.ActiveCfg = Debug|Any CPU
		{B4F2D4E1-0009-0000-0000-000000000001}.Debug|Any CPU.Build.0 = Debug|Any CPU
		{B4F2D4E1-0009-0000-0000-000000000001}.Debug|Any CPU.Deploy.0 = Debug|Any CPU
		{B4F2D4E1-0009-0000-0000-000000000001}.Debug|x64.ActiveCfg = Debug|Any CPU
		{B4F2D4E1-0009-0000-0000-000000000001}.Debug|x64.Build.0 = Debug|Any CPU
		{B4F2D4E1-0009-0000-0000-000000000001}.Debug|x86.ActiveCfg = Debug|Any CPU
		{B4F2D4E1-0009-0000-0000-000000000001}.Debug|x86.Build.0 = Debug|Any CPU
		{B4F2D4E1-0009-0000-0000-000000000001}.Release|Any CPU.ActiveCfg = Release|Any CPU
		{B4F2D4E1-0009-0000-0000-000000000001}.Release|Any CPU.Build.0 = Release|Any CPU
		{B4F2D4E1-0009-0000-0000-000000000001}.Release|x64.ActiveCfg = Release|Any CPU
		{B4F2D4E1-0009-0000-0000-000000000001}.Release|x64.Build.0 = Release|Any CPU
		{B4F2D4E1-0009-0000-0000-000000000001}.Release|x86.ActiveCfg = Release|Any CPU
		{B4F2D4E1-0009-0000-0000-000000000001}.Release|x86.Build.0 = Release|Any CPU
		{F5AE4DDA-B749-DB0A-C32C-3982C67CCFA6}.Debug|Any CPU.ActiveCfg = Debug|Any CPU
		{F5AE4DDA-B749-DB0A-C32C-3982C67CCFA6}.Debug|Any CPU.Build.0 = Debug|Any CPU
		{F5AE4DDA-B749-DB0A-C32C-3982C67CCFA6}.Debug|x64.ActiveCfg = Debug|Any CPU
		{F5AE4DDA-B749-DB0A-C32C-3982C67CCFA6}.Debug|x64.Build.0 = Debug|Any CPU
		{F5AE4DDA-B749-DB0A-C32C-3982C67CCFA6}.Debug|x86.ActiveCfg = Debug|Any CPU
		{F5AE4DDA-B749-DB0A-C32C-3982C67CCFA6}.Debug|x86.Build.0 = Debug|Any CPU
		{F5AE4DDA-B749-DB0A-C32C-3982C67CCFA6}.Release|Any CPU.ActiveCfg = Release|Any CPU
		{F5AE4DDA-B749-DB0A-C32C-3982C67CCFA6}.Release|Any CPU.Build.0 = Release|Any CPU
		{F5AE4DDA-B749-DB0A-C32C-3982C67CCFA6}.Release|x64.ActiveCfg = Release|Any CPU
		{F5AE4DDA-B749-DB0A-C32C-3982C67CCFA6}.Release|x64.Build.0 = Release|Any CPU
		{F5AE4DDA-B749-DB0A-C32C-3982C67CCFA6}.Release|x86.ActiveCfg = Release|Any CPU
		{F5AE4DDA-B749-DB0A-C32C-3982C67CCFA6}.Release|x86.Build.0 = Release|Any CPU
		{E8B1509E-7390-FDF0-EEA5-664EE640E08C}.Debug|Any CPU.ActiveCfg = Debug|Any CPU
		{E8B1509E-7390-FDF0-EEA5-664EE640E08C}.Debug|Any CPU.Build.0 = Debug|Any CPU
		{E8B1509E-7390-FDF0-EEA5-664EE640E08C}.Debug|x64.ActiveCfg = Debug|Any CPU
		{E8B1509E-7390-FDF0-EEA5-664EE640E08C}.Debug|x64.Build.0 = Debug|Any CPU
		{E8B1509E-7390-FDF0-EEA5-664EE640E08C}.Debug|x86.ActiveCfg = Debug|Any CPU
		{E8B1509E-7390-FDF0-EEA5-664EE640E08C}.Debug|x86.Build.0 = Debug|Any CPU
		{E8B1509E-7390-FDF0-EEA5-664EE640E08C}.Release|Any CPU.ActiveCfg = Release|Any CPU
		{E8B1509E-7390-FDF0-EEA5-664EE640E08C}.Release|Any CPU.Build.0 = Release|Any CPU
		{E8B1509E-7390-FDF0-EEA5-664EE640E08C}.Release|x64.ActiveCfg = Release|Any CPU
		{E8B1509E-7390-FDF0-EEA5-664EE640E08C}.Release|x64.Build.0 = Release|Any CPU
		{E8B1509E-7390-FDF0-EEA5-664EE640E08C}.Release|x86.ActiveCfg = Release|Any CPU
		{E8B1509E-7390-FDF0-EEA5-664EE640E08C}.Release|x86.Build.0 = Release|Any CPU
		{42B6100C-D9D6-C74B-8220-3255CAF41D09}.Debug|Any CPU.ActiveCfg = Debug|Any CPU
		{42B6100C-D9D6-C74B-8220-3255CAF41D09}.Debug|Any CPU.Build.0 = Debug|Any CPU
		{42B6100C-D9D6-C74B-8220-3255CAF41D09}.Debug|x64.ActiveCfg = Debug|Any CPU
		{42B6100C-D9D6-C74B-8220-3255CAF41D09}.Debug|x64.Build.0 = Debug|Any CPU
		{42B6100C-D9D6-C74B-8220-3255CAF41D09}.Debug|x86.ActiveCfg = Debug|Any CPU
		{42B6100C-D9D6-C74B-8220-3255CAF41D09}.Debug|x86.Build.0 = Debug|Any CPU
		{42B6100C-D9D6-C74B-8220-3255CAF41D09}.Release|Any CPU.ActiveCfg = Release|Any CPU
		{42B6100C-D9D6-C74B-8220-3255CAF41D09}.Release|Any CPU.Build.0 = Release|Any CPU
		{42B6100C-D9D6-C74B-8220-3255CAF41D09}.Release|x64.ActiveCfg = Release|Any CPU
		{42B6100C-D9D6-C74B-8220-3255CAF41D09}.Release|x64.Build.0 = Release|Any CPU
		{42B6100C-D9D6-C74B-8220-3255CAF41D09}.Release|x86.ActiveCfg = Release|Any CPU
		{42B6100C-D9D6-C74B-8220-3255CAF41D09}.Release|x86.Build.0 = Release|Any CPU
		{50C312A0-A718-950E-425B-B6EACF134401}.Debug|Any CPU.ActiveCfg = Debug|Any CPU
		{50C312A0-A718-950E-425B-B6EACF134401}.Debug|Any CPU.Build.0 = Debug|Any CPU
		{50C312A0-A718-950E-425B-B6EACF134401}.Debug|x64.ActiveCfg = Debug|Any CPU
		{50C312A0-A718-950E-425B-B6EACF134401}.Debug|x64.Build.0 = Debug|Any CPU
		{50C312A0-A718-950E-425B-B6EACF134401}.Debug|x86.ActiveCfg = Debug|Any CPU
		{50C312A0-A718-950E-425B-B6EACF134401}.Debug|x86.Build.0 = Debug|Any CPU
		{50C312A0-A718-950E-425B-B6EACF134401}.Release|Any CPU.ActiveCfg = Release|Any CPU
		{50C312A0-A718-950E-425B-B6EACF134401}.Release|Any CPU.Build.0 = Release|Any CPU
		{50C312A0-A718-950E-425B-B6EACF134401}.Release|x64.ActiveCfg = Release|Any CPU
		{50C312A0-A718-950E-425B-B6EACF134401}.Release|x64.Build.0 = Release|Any CPU
		{50C312A0-A718-950E-425B-B6EACF134401}.Release|x86.ActiveCfg = Release|Any CPU
		{50C312A0-A718-950E-425B-B6EACF134401}.Release|x86.Build.0 = Release|Any CPU
		{EC3F1A30-FCDB-4C9A-3925-4CAF6819DE6C}.Debug|Any CPU.ActiveCfg = Debug|Any CPU
		{EC3F1A30-FCDB-4C9A-3925-4CAF6819DE6C}.Debug|Any CPU.Build.0 = Debug|Any CPU
		{EC3F1A30-FCDB-4C9A-3925-4CAF6819DE6C}.Debug|x64.ActiveCfg = Debug|Any CPU
		{EC3F1A30-FCDB-4C9A-3925-4CAF6819DE6C}.Debug|x64.Build.0 = Debug|Any CPU
		{EC3F1A30-FCDB-4C9A-3925-4CAF6819DE6C}.Debug|x86.ActiveCfg = Debug|Any CPU
		{EC3F1A30-FCDB-4C9A-3925-4CAF6819DE6C}.Debug|x86.Build.0 = Debug|Any CPU
		{EC3F1A30-FCDB-4C9A-3925-4CAF6819DE6C}.Release|Any CPU.ActiveCfg = Release|Any CPU
		{EC3F1A30-FCDB-4C9A-3925-4CAF6819DE6C}.Release|Any CPU.Build.0 = Release|Any CPU
		{EC3F1A30-FCDB-4C9A-3925-4CAF6819DE6C}.Release|x64.ActiveCfg = Release|Any CPU
		{EC3F1A30-FCDB-4C9A-3925-4CAF6819DE6C}.Release|x64.Build.0 = Release|Any CPU
		{EC3F1A30-FCDB-4C9A-3925-4CAF6819DE6C}.Release|x86.ActiveCfg = Release|Any CPU
		{EC3F1A30-FCDB-4C9A-3925-4CAF6819DE6C}.Release|x86.Build.0 = Release|Any CPU
		{7E522ABD-C347-97F1-AD17-2B2177D780B8}.Debug|Any CPU.ActiveCfg = Debug|Any CPU
		{7E522ABD-C347-97F1-AD17-2B2177D780B8}.Debug|Any CPU.Build.0 = Debug|Any CPU
		{7E522ABD-C347-97F1-AD17-2B2177D780B8}.Debug|x64.ActiveCfg = Debug|Any CPU
		{7E522ABD-C347-97F1-AD17-2B2177D780B8}.Debug|x64.Build.0 = Debug|Any CPU
		{7E522ABD-C347-97F1-AD17-2B2177D780B8}.Debug|x86.ActiveCfg = Debug|Any CPU
		{7E522ABD-C347-97F1-AD17-2B2177D780B8}.Debug|x86.Build.0 = Debug|Any CPU
		{7E522ABD-C347-97F1-AD17-2B2177D780B8}.Release|Any CPU.ActiveCfg = Release|Any CPU
		{7E522ABD-C347-97F1-AD17-2B2177D780B8}.Release|Any CPU.Build.0 = Release|Any CPU
		{7E522ABD-C347-97F1-AD17-2B2177D780B8}.Release|x64.ActiveCfg = Release|Any CPU
		{7E522ABD-C347-97F1-AD17-2B2177D780B8}.Release|x64.Build.0 = Release|Any CPU
		{7E522ABD-C347-97F1-AD17-2B2177D780B8}.Release|x86.ActiveCfg = Release|Any CPU
		{7E522ABD-C347-97F1-AD17-2B2177D780B8}.Release|x86.Build.0 = Release|Any CPU
		{2BC29A9D-C78C-FAC4-90DF-482450FFD80D}.Debug|Any CPU.ActiveCfg = Debug|Any CPU
		{2BC29A9D-C78C-FAC4-90DF-482450FFD80D}.Debug|Any CPU.Build.0 = Debug|Any CPU
		{2BC29A9D-C78C-FAC4-90DF-482450FFD80D}.Debug|x64.ActiveCfg = Debug|Any CPU
		{2BC29A9D-C78C-FAC4-90DF-482450FFD80D}.Debug|x64.Build.0 = Debug|Any CPU
		{2BC29A9D-C78C-FAC4-90DF-482450FFD80D}.Debug|x86.ActiveCfg = Debug|Any CPU
		{2BC29A9D-C78C-FAC4-90DF-482450FFD80D}.Debug|x86.Build.0 = Debug|Any CPU
		{2BC29A9D-C78C-FAC4-90DF-482450FFD80D}.Release|Any CPU.ActiveCfg = Release|Any CPU
		{2BC29A9D-C78C-FAC4-90DF-482450FFD80D}.Release|Any CPU.Build.0 = Release|Any CPU
		{2BC29A9D-C78C-FAC4-90DF-482450FFD80D}.Release|x64.ActiveCfg = Release|Any CPU
		{2BC29A9D-C78C-FAC4-90DF-482450FFD80D}.Release|x64.Build.0 = Release|Any CPU
		{2BC29A9D-C78C-FAC4-90DF-482450FFD80D}.Release|x86.ActiveCfg = Release|Any CPU
		{2BC29A9D-C78C-FAC4-90DF-482450FFD80D}.Release|x86.Build.0 = Release|Any CPU
		{18375969-1461-7C9D-5F1E-D078436D3114}.Debug|Any CPU.ActiveCfg = Debug|Any CPU
		{18375969-1461-7C9D-5F1E-D078436D3114}.Debug|Any CPU.Build.0 = Debug|Any CPU
		{18375969-1461-7C9D-5F1E-D078436D3114}.Debug|x64.ActiveCfg = Debug|Any CPU
		{18375969-1461-7C9D-5F1E-D078436D3114}.Debug|x64.Build.0 = Debug|Any CPU
		{18375969-1461-7C9D-5F1E-D078436D3114}.Debug|x86.ActiveCfg = Debug|Any CPU
		{18375969-1461-7C9D-5F1E-D078436D3114}.Debug|x86.Build.0 = Debug|Any CPU
		{18375969-1461-7C9D-5F1E-D078436D3114}.Release|Any CPU.ActiveCfg = Release|Any CPU
		{18375969-1461-7C9D-5F1E-D078436D3114}.Release|Any CPU.Build.0 = Release|Any CPU
		{18375969-1461-7C9D-5F1E-D078436D3114}.Release|x64.ActiveCfg = Release|Any CPU
		{18375969-1461-7C9D-5F1E-D078436D3114}.Release|x64.Build.0 = Release|Any CPU
		{18375969-1461-7C9D-5F1E-D078436D3114}.Release|x86.ActiveCfg = Release|Any CPU
		{18375969-1461-7C9D-5F1E-D078436D3114}.Release|x86.Build.0 = Release|Any CPU
	EndGlobalSection
	GlobalSection(SolutionProperties) = preSolution
		HideSolutionNode = FALSE
	EndGlobalSection
	GlobalSection(NestedProjects) = preSolution
		{02EA681E-C7D8-13C7-8484-4AC65E1B71E8} = {8EC462FD-D22E-90A8-E5CE-7E832BA40C5D}
		{B4F2D4E1-0003-0000-0000-000000000001} = {B4F2D4E1-0000-0000-0000-000000000001}
		{B4F2D4E1-0007-0000-0000-000000000001} = {B4F2D4E1-0000-0000-0000-000000000001}
		{B4F2D4E1-0009-0000-0000-000000000001} = {B4F2D4E1-0000-0000-0000-000000000001}
		{F5AE4DDA-B749-DB0A-C32C-3982C67CCFA6} = {B4F2D4E1-0000-0000-0000-000000000001}
		{E8B1509E-7390-FDF0-EEA5-664EE640E08C} = {A3D968B3-E563-4E96-9E66-9273E6D29024}
		{42B6100C-D9D6-C74B-8220-3255CAF41D09} = {A3D968B3-E563-4E96-9E66-9273E6D29024}
		{50C312A0-A718-950E-425B-B6EACF134401} = {A3D968B3-E563-4E96-9E66-9273E6D29024}
		{EC3F1A30-FCDB-4C9A-3925-4CAF6819DE6C} = {B4F2D4E1-0000-0000-0000-000000000001}
		{7E522ABD-C347-97F1-AD17-2B2177D780B8} = {B4F2D4E1-0000-0000-0000-000000000001}
		{2BC29A9D-C78C-FAC4-90DF-482450FFD80D} = {B4F2D4E1-0000-0000-0000-000000000001}
		{18375969-1461-7C9D-5F1E-D078436D3114} = {B4F2D4E1-0000-0000-0000-000000000001}
	EndGlobalSection
	GlobalSection(ExtensibilityGlobals) = postSolution
		SolutionGuid = {545A45A2-4075-429A-AC75-ABFBE72CC15A}
	EndGlobalSection
EndGlobal
